// !$*UTF8*$!
{
	archiveVersion = 1;
	classes = {
	};
	objectVersion = 55;
	objects = {

/* Begin PBXBuildFile section */
		D92753CB27886ADB005C1282 /* DevoteApp.swift in Sources */ = {isa = PBXBuildFile; fileRef = D92753CA27886ADB005C1282 /* DevoteApp.swift */; };
		D92753CD27886ADB005C1282 /* ContentView.swift in Sources */ = {isa = PBXBuildFile; fileRef = D92753CC27886ADB005C1282 /* ContentView.swift */; };
		D92753CF27886ADC005C1282 /* Assets.xcassets in Resources */ = {isa = PBXBuildFile; fileRef = D92753CE27886ADC005C1282 /* Assets.xcassets */; };
		D92753D227886ADC005C1282 /* Preview Assets.xcassets in Resources */ = {isa = PBXBuildFile; fileRef = D92753D127886ADC005C1282 /* Preview Assets.xcassets */; };
		D92753D427886ADC005C1282 /* Persistence.swift in Sources */ = {isa = PBXBuildFile; fileRef = D92753D327886ADC005C1282 /* Persistence.swift */; };
		D92753D727886ADC005C1282 /* Devote.xcdatamodeld in Sources */ = {isa = PBXBuildFile; fileRef = D92753D527886ADC005C1282 /* Devote.xcdatamodeld */; };
		D92753DE27886B5A005C1282 /* Sound in Resources */ = {isa = PBXBuildFile; fileRef = D92753DD27886B5A005C1282 /* Sound */; };
		D92753EA278C58CC005C1282 /* Constant.swift in Sources */ = {isa = PBXBuildFile; fileRef = D92753E9278C58CC005C1282 /* Constant.swift */; };
		D92753EC278C68B1005C1282 /* HideKeyboardExtension.swift in Sources */ = {isa = PBXBuildFile; fileRef = D92753EB278C68B1005C1282 /* HideKeyboardExtension.swift */; };
		D95A7E2B2799948700527038 /* BackgroundImageView.swift in Sources */ = {isa = PBXBuildFile; fileRef = D95A7E2A2799948700527038 /* BackgroundImageView.swift */; };
		D95A7E2D279ADC6200527038 /* NewTaskItemView.swift in Sources */ = {isa = PBXBuildFile; fileRef = D95A7E2C279ADC6200527038 /* NewTaskItemView.swift */; };
		D95A7E2F279ADF9F00527038 /* BlankView.swift in Sources */ = {isa = PBXBuildFile; fileRef = D95A7E2E279ADF9F00527038 /* BlankView.swift */; };
/* End PBXBuildFile section */

/* Begin PBXFileReference section */
		D92753C727886ADB005C1282 /* Devote.app */ = {isa = PBXFileReference; explicitFileType = wrapper.application; includeInIndex = 0; path = Devote.app; sourceTree = BUILT_PRODUCTS_DIR; };
		D92753CA27886ADB005C1282 /* DevoteApp.swift */ = {isa = PBXFileReference; lastKnownFileType = sourcecode.swift; path = DevoteApp.swift; sourceTree = "<group>"; };
		D92753CC27886ADB005C1282 /* ContentView.swift */ = {isa = PBXFileReference; lastKnownFileType = sourcecode.swift; path = ContentView.swift; sourceTree = "<group>"; };
		D92753CE27886ADC005C1282 /* Assets.xcassets */ = {isa = PBXFileReference; lastKnownFileType = folder.assetcatalog; path = Assets.xcassets; sourceTree = "<group>"; };
		D92753D127886ADC005C1282 /* Preview Assets.xcassets */ = {isa = PBXFileReference; lastKnownFileType = folder.assetcatalog; path = "Preview Assets.xcassets"; sourceTree = "<group>"; };
		D92753D327886ADC005C1282 /* Persistence.swift */ = {isa = PBXFileReference; lastKnownFileType = sourcecode.swift; path = Persistence.swift; sourceTree = "<group>"; };
		D92753D627886ADC005C1282 /* Devote.xcdatamodel */ = {isa = PBXFileReference; lastKnownFileType = wrapper.xcdatamodel; path = Devote.xcdatamodel; sourceTree = "<group>"; };
		D92753DD27886B5A005C1282 /* Sound */ = {isa = PBXFileReference; lastKnownFileType = folder; path = Sound; sourceTree = "<group>"; };
		D92753E427886C03005C1282 /* Info.plist */ = {isa = PBXFileReference; lastKnownFileType = text.plist; path = Info.plist; sourceTree = "<group>"; };
		D92753E9278C58CC005C1282 /* Constant.swift */ = {isa = PBXFileReference; lastKnownFileType = sourcecode.swift; path = Constant.swift; sourceTree = "<group>"; };
		D92753EB278C68B1005C1282 /* HideKeyboardExtension.swift */ = {isa = PBXFileReference; lastKnownFileType = sourcecode.swift; path = HideKeyboardExtension.swift; sourceTree = "<group>"; };
		D95A7E2A2799948700527038 /* BackgroundImageView.swift */ = {isa = PBXFileReference; lastKnownFileType = sourcecode.swift; path = BackgroundImageView.swift; sourceTree = "<group>"; };
		D95A7E2C279ADC6200527038 /* NewTaskItemView.swift */ = {isa = PBXFileReference; lastKnownFileType = sourcecode.swift; path = NewTaskItemView.swift; sourceTree = "<group>"; };
		D95A7E2E279ADF9F00527038 /* BlankView.swift */ = {isa = PBXFileReference; lastKnownFileType = sourcecode.swift; path = BlankView.swift; sourceTree = "<group>"; };
/* End PBXFileReference section */

/* Begin PBXFrameworksBuildPhase section */
		D92753C427886ADB005C1282 /* Frameworks */ = {
			isa = PBXFrameworksBuildPhase;
			buildActionMask = 2147483647;
			files = (
			);
			runOnlyForDeploymentPostprocessing = 0;
		};
/* End PBXFrameworksBuildPhase section */

/* Begin PBXGroup section */
		D92753BE27886ADB005C1282 = {
			isa = PBXGroup;
			children = (
				D92753C927886ADB005C1282 /* Devote */,
				D92753C827886ADB005C1282 /* Products */,
			);
			sourceTree = "<group>";
		};
		D92753C827886ADB005C1282 /* Products */ = {
			isa = PBXGroup;
			children = (
				D92753C727886ADB005C1282 /* Devote.app */,
			);
			name = Products;
			sourceTree = "<group>";
		};
		D92753C927886ADB005C1282 /* Devote */ = {
			isa = PBXGroup;
			children = (
				D92753E427886C03005C1282 /* Info.plist */,
				D92753CA27886ADB005C1282 /* DevoteApp.swift */,
				D92753DF27886B78005C1282 /* View */,
				D92753E327886BAC005C1282 /* Model */,
				D92753E227886B98005C1282 /* Style */,
				D92753E127886B8E005C1282 /* Utility */,
				D92753E027886B7F005C1282 /* Extension */,
				D92753DD27886B5A005C1282 /* Sound */,
				D92753CE27886ADC005C1282 /* Assets.xcassets */,
				D92753D027886ADC005C1282 /* Preview Content */,
			);
			path = Devote;
			sourceTree = "<group>";
		};
		D92753D027886ADC005C1282 /* Preview Content */ = {
			isa = PBXGroup;
			children = (
				D92753D127886ADC005C1282 /* Preview Assets.xcassets */,
			);
			path = "Preview Content";
			sourceTree = "<group>";
		};
		D92753DF27886B78005C1282 /* View */ = {
			isa = PBXGroup;
			children = (
				D92753CC27886ADB005C1282 /* ContentView.swift */,
				D95A7E2A2799948700527038 /* BackgroundImageView.swift */,
				D95A7E2C279ADC6200527038 /* NewTaskItemView.swift */,
				D95A7E2E279ADF9F00527038 /* BlankView.swift */,
			);
			path = View;
			sourceTree = "<group>";
		};
		D92753E027886B7F005C1282 /* Extension */ = {
			isa = PBXGroup;
			children = (
				D92753EB278C68B1005C1282 /* HideKeyboardExtension.swift */,
			);
			path = Extension;
			sourceTree = "<group>";
		};
		D92753E127886B8E005C1282 /* Utility */ = {
			isa = PBXGroup;
			children = (
				D92753E9278C58CC005C1282 /* Constant.swift */,
			);
			path = Utility;
			sourceTree = "<group>";
		};
		D92753E227886B98005C1282 /* Style */ = {
			isa = PBXGroup;
			children = (
			);
			path = Style;
			sourceTree = "<group>";
		};
		D92753E327886BAC005C1282 /* Model */ = {
			isa = PBXGroup;
			children = (
				D92753D327886ADC005C1282 /* Persistence.swift */,
				D92753D527886ADC005C1282 /* Devote.xcdatamodeld */,
			);
			path = Model;
			sourceTree = "<group>";
		};
/* End PBXGroup section */

/* Begin PBXNativeTarget section */
		D92753C627886ADB005C1282 /* Devote */ = {
			isa = PBXNativeTarget;
			buildConfigurationList = D92753DA27886ADC005C1282 /* Build configuration list for PBXNativeTarget "Devote" */;
			buildPhases = (
				D92753C327886ADB005C1282 /* Sources */,
				D92753C427886ADB005C1282 /* Frameworks */,
				D92753C527886ADB005C1282 /* Resources */,
			);
			buildRules = (
			);
			dependencies = (
			);
			name = Devote;
			productName = Devote;
			productReference = D92753C727886ADB005C1282 /* Devote.app */;
			productType = "com.apple.product-type.application";
		};
/* End PBXNativeTarget section */

/* Begin PBXProject section */
		D92753BF27886ADB005C1282 /* Project object */ = {
			isa = PBXProject;
			attributes = {
				BuildIndependentTargetsInParallel = 1;
				LastSwiftUpdateCheck = 1320;
				LastUpgradeCheck = 1320;
				TargetAttributes = {
					D92753C627886ADB005C1282 = {
						CreatedOnToolsVersion = 13.2.1;
					};
				};
			};
			buildConfigurationList = D92753C227886ADB005C1282 /* Build configuration list for PBXProject "Devote" */;
			compatibilityVersion = "Xcode 13.0";
			developmentRegion = en;
			hasScannedForEncodings = 0;
			knownRegions = (
				en,
				Base,
			);
			mainGroup = D92753BE27886ADB005C1282;
			productRefGroup = D92753C827886ADB005C1282 /* Products */;
			projectDirPath = "";
			projectRoot = "";
			targets = (
				D92753C627886ADB005C1282 /* Devote */,
			);
		};
/* End PBXProject section */

/* Begin PBXResourcesBuildPhase section */
		D92753C527886ADB005C1282 /* Resources */ = {
			isa = PBXResourcesBuildPhase;
			buildActionMask = 2147483647;
			files = (
				D92753DE27886B5A005C1282 /* Sound in Resources */,
				D92753D227886ADC005C1282 /* Preview Assets.xcassets in Resources */,
				D92753CF27886ADC005C1282 /* Assets.xcassets in Resources */,
			);
			runOnlyForDeploymentPostprocessing = 0;
		};
/* End PBXResourcesBuildPhase section */

/* Begin PBXSourcesBuildPhase section */
		D92753C327886ADB005C1282 /* Sources */ = {
			isa = PBXSourcesBuildPhase;
			buildActionMask = 2147483647;
			files = (
				D92753D427886ADC005C1282 /* Persistence.swift in Sources */,
				D95A7E2B2799948700527038 /* BackgroundImageView.swift in Sources */,
				D92753CD27886ADB005C1282 /* ContentView.swift in Sources */,
				D92753EC278C68B1005C1282 /* HideKeyboardExtension.swift in Sources */,
				D95A7E2F279ADF9F00527038 /* BlankView.swift in Sources */,
				D92753EA278C58CC005C1282 /* Constant.swift in Sources */,
				D92753D727886ADC005C1282 /* Devote.xcdatamodeld in Sources */,
				D92753CB27886ADB005C1282 /* DevoteApp.swift in Sources */,
				D95A7E2D279ADC6200527038 /* NewTaskItemView.swift in Sources */,
			);
			runOnlyForDeploymentPostprocessing = 0;
		};
/* End PBXSourcesBuildPhase section */

/* Begin XCBuildConfiguration section */
		D92753D827886ADC005C1282 /* Debug */ = {
			isa = XCBuildConfiguration;
			buildSettings = {
				ALWAYS_SEARCH_USER_PATHS = NO;
				CLANG_ANALYZER_NONNULL = YES;
				CLANG_ANALYZER_NUMBER_OBJECT_CONVERSION = YES_AGGRESSIVE;
				CLANG_CXX_LANGUAGE_STANDARD = "gnu++17";
				CLANG_CXX_LIBRARY = "libc++";
				CLANG_ENABLE_MODULES = YES;
				CLANG_ENABLE_OBJC_ARC = YES;
				CLANG_ENABLE_OBJC_WEAK = YES;
				CLANG_WARN_BLOCK_CAPTURE_AUTORELEASING = YES;
				CLANG_WARN_BOOL_CONVERSION = YES;
				CLANG_WARN_COMMA = YES;
				CLANG_WARN_CONSTANT_CONVERSION = YES;
				CLANG_WARN_DEPRECATED_OBJC_IMPLEMENTATIONS = YES;
				CLANG_WARN_DIRECT_OBJC_ISA_USAGE = YES_ERROR;
				CLANG_WARN_DOCUMENTATION_COMMENTS = YES;
				CLANG_WARN_EMPTY_BODY = YES;
				CLANG_WARN_ENUM_CONVERSION = YES;
				CLANG_WARN_INFINITE_RECURSION = YES;
				CLANG_WARN_INT_CONVERSION = YES;
				CLANG_WARN_NON_LITERAL_NULL_CONVERSION = YES;
				CLANG_WARN_OBJC_IMPLICIT_RETAIN_SELF = YES;
				CLANG_WARN_OBJC_LITERAL_CONVERSION = YES;
				CLANG_WARN_OBJC_ROOT_CLASS = YES_ERROR;
				CLANG_WARN_QUOTED_INCLUDE_IN_FRAMEWORK_HEADER = YES;
				CLANG_WARN_RANGE_LOOP_ANALYSIS = YES;
				CLANG_WARN_STRICT_PROTOTYPES = YES;
				CLANG_WARN_SUSPICIOUS_MOVE = YES;
				CLANG_WARN_UNGUARDED_AVAILABILITY = YES_AGGRESSIVE;
				CLANG_WARN_UNREACHABLE_CODE = YES;
				CLANG_WARN__DUPLICATE_METHOD_MATCH = YES;
				COPY_PHASE_STRIP = NO;
				DEBUG_INFORMATION_FORMAT = dwarf;
				ENABLE_STRICT_OBJC_MSGSEND = YES;
				ENABLE_TESTABILITY = YES;
				GCC_C_LANGUAGE_STANDARD = gnu11;
				GCC_DYNAMIC_NO_PIC = NO;
				GCC_NO_COMMON_BLOCKS = YES;
				GCC_OPTIMIZATION_LEVEL = 0;
				GCC_PREPROCESSOR_DEFINITIONS = (
					"DEBUG=1",
					"$(inherited)",
				);
				GCC_WARN_64_TO_32_BIT_CONVERSION = YES;
				GCC_WARN_ABOUT_RETURN_TYPE = YES_ERROR;
				GCC_WARN_UNDECLARED_SELECTOR = YES;
				GCC_WARN_UNINITIALIZED_AUTOS = YES_AGGRESSIVE;
				GCC_WARN_UNUSED_FUNCTION = YES;
				GCC_WARN_UNUSED_VARIABLE = YES;
				IPHONEOS_DEPLOYMENT_TARGET = 15.2;
				MTL_ENABLE_DEBUG_INFO = INCLUDE_SOURCE;
				MTL_FAST_MATH = YES;
				ONLY_ACTIVE_ARCH = YES;
				SDKROOT = iphoneos;
				SWIFT_ACTIVE_COMPILATION_CONDITIONS = DEBUG;
				SWIFT_OPTIMIZATION_LEVEL = "-Onone";
			};
			name = Debug;
		};
		D92753D927886ADC005C1282 /* Release */ = {
			isa = XCBuildConfiguration;
			buildSettings = {
				ALWAYS_SEARCH_USER_PATHS = NO;
				CLANG_ANALYZER_NONNULL = YES;
				CLANG_ANALYZER_NUMBER_OBJECT_CONVERSION = YES_AGGRESSIVE;
				CLANG_CXX_LANGUAGE_STANDARD = "gnu++17";
				CLANG_CXX_LIBRARY = "libc++";
				CLANG_ENABLE_MODULES = YES;
				CLANG_ENABLE_OBJC_ARC = YES;
				CLANG_ENABLE_OBJC_WEAK = YES;
				CLANG_WARN_BLOCK_CAPTURE_AUTORELEASING = YES;
				CLANG_WARN_BOOL_CONVERSION = YES;
				CLANG_WARN_COMMA = YES;
				CLANG_WARN_CONSTANT_CONVERSION = YES;
				CLANG_WARN_DEPRECATED_OBJC_IMPLEMENTATIONS = YES;
				CLANG_WARN_DIRECT_OBJC_ISA_USAGE = YES_ERROR;
				CLANG_WARN_DOCUMENTATION_COMMENTS = YES;
				CLANG_WARN_EMPTY_BODY = YES;
				CLANG_WARN_ENUM_CONVERSION = YES;
				CLANG_WARN_INFINITE_RECURSION = YES;
				CLANG_WARN_INT_CONVERSION = YES;
				CLANG_WARN_NON_LITERAL_NULL_CONVERSION = YES;
				CLANG_WARN_OBJC_IMPLICIT_RETAIN_SELF = YES;
				CLANG_WARN_OBJC_LITERAL_CONVERSION = YES;
				CLANG_WARN_OBJC_ROOT_CLASS = YES_ERROR;
				CLANG_WARN_QUOTED_INCLUDE_IN_FRAMEWORK_HEADER = YES;
				CLANG_WARN_RANGE_LOOP_ANALYSIS = YES;
				CLANG_WARN_STRICT_PROTOTYPES = YES;
				CLANG_WARN_SUSPICIOUS_MOVE = YES;
				CLANG_WARN_UNGUARDED_AVAILABILITY = YES_AGGRESSIVE;
				CLANG_WARN_UNREACHABLE_CODE = YES;
				CLANG_WARN__DUPLICATE_METHOD_MATCH = YES;
				COPY_PHASE_STRIP = NO;
				DEBUG_INFORMATION_FORMAT = "dwarf-with-dsym";
				ENABLE_NS_ASSERTIONS = NO;
				ENABLE_STRICT_OBJC_MSGSEND = YES;
				GCC_C_LANGUAGE_STANDARD = gnu11;
				GCC_NO_COMMON_BLOCKS = YES;
				GCC_WARN_64_TO_32_BIT_CONVERSION = YES;
				GCC_WARN_ABOUT_RETURN_TYPE = YES_ERROR;
				GCC_WARN_UNDECLARED_SELECTOR = YES;
				GCC_WARN_UNINITIALIZED_AUTOS = YES_AGGRESSIVE;
				GCC_WARN_UNUSED_FUNCTION = YES;
				GCC_WARN_UNUSED_VARIABLE = YES;
				IPHONEOS_DEPLOYMENT_TARGET = 15.2;
				MTL_ENABLE_DEBUG_INFO = NO;
				MTL_FAST_MATH = YES;
				SDKROOT = iphoneos;
				SWIFT_COMPILATION_MODE = wholemodule;
				SWIFT_OPTIMIZATION_LEVEL = "-O";
				VALIDATE_PRODUCT = YES;
			};
			name = Release;
		};
		D92753DB27886ADC005C1282 /* Debug */ = {
			isa = XCBuildConfiguration;
			buildSettings = {
				ASSETCATALOG_COMPILER_APPICON_NAME = AppIcon;
				ASSETCATALOG_COMPILER_GLOBAL_ACCENT_COLOR_NAME = AccentColor;
				CODE_SIGN_STYLE = Automatic;
				CURRENT_PROJECT_VERSION = 1;
				DEVELOPMENT_ASSET_PATHS = "\"Devote/Preview Content\"";
				DEVELOPMENT_TEAM = YMWX5SW9T6;
				ENABLE_PREVIEWS = YES;
				GENERATE_INFOPLIST_FILE = YES;
				INFOPLIST_FILE = Devote/Info.plist;
				INFOPLIST_KEY_UIApplicationSceneManifest_Generation = YES;
				INFOPLIST_KEY_UIApplicationSupportsIndirectInputEvents = YES;
				INFOPLIST_KEY_UISupportedInterfaceOrientations = UIInterfaceOrientationPortrait;
				INFOPLIST_KEY_UISupportedInterfaceOrientations_iPad = "UIInterfaceOrientationPortrait UIInterfaceOrientationPortraitUpsideDown UIInterfaceOrientationLandscapeLeft UIInterfaceOrientationLandscapeRight";
				INFOPLIST_KEY_UISupportedInterfaceOrientations_iPhone = "UIInterfaceOrientationPortrait UIInterfaceOrientationLandscapeLeft UIInterfaceOrientationLandscapeRight";
				LD_RUNPATH_SEARCH_PATHS = (
					"$(inherited)",
					"@executable_path/Frameworks",
				);
				MARKETING_VERSION = 1.0;
				PRODUCT_BUNDLE_IDENTIFIER = dev.austinburke.Devote;
				PRODUCT_NAME = "$(TARGET_NAME)";
				SWIFT_EMIT_LOC_STRINGS = YES;
				SWIFT_VERSION = 5.0;
				TARGETED_DEVICE_FAMILY = "1,2";
			};
			name = Debug;
		};
		D92753DC27886ADC005C1282 /* Release */ = {
			isa = XCBuildConfiguration;
			buildSettings = {
				ASSETCATALOG_COMPILER_APPICON_NAME = AppIcon;
				ASSETCATALOG_COMPILER_GLOBAL_ACCENT_COLOR_NAME = AccentColor;
				CODE_SIGN_STYLE = Automatic;
				CURRENT_PROJECT_VERSION = 1;
				DEVELOPMENT_ASSET_PATHS = "\"Devote/Preview Content\"";
				DEVELOPMENT_TEAM = YMWX5SW9T6;
				ENABLE_PREVIEWS = YES;
				GENERATE_INFOPLIST_FILE = YES;
				INFOPLIST_FILE = Devote/Info.plist;
				INFOPLIST_KEY_UIApplicationSceneManifest_Generation = YES;
				INFOPLIST_KEY_UIApplicationSupportsIndirectInputEvents = YES;
				INFOPLIST_KEY_UISupportedInterfaceOrientations = UIInterfaceOrientationPortrait;
				INFOPLIST_KEY_UISupportedInterfaceOrientations_iPad = "UIInterfaceOrientationPortrait UIInterfaceOrientationPortraitUpsideDown UIInterfaceOrientationLandscapeLeft UIInterfaceOrientationLandscapeRight";
				INFOPLIST_KEY_UISupportedInterfaceOrientations_iPhone = "UIInterfaceOrientationPortrait UIInterfaceOrientationLandscapeLeft UIInterfaceOrientationLandscapeRight";
				LD_RUNPATH_SEARCH_PATHS = (
					"$(inherited)",
					"@executable_path/Frameworks",
				);
				MARKETING_VERSION = 1.0;
				PRODUCT_BUNDLE_IDENTIFIER = dev.austinburke.Devote;
				PRODUCT_NAME = "$(TARGET_NAME)";
				SWIFT_EMIT_LOC_STRINGS = YES;
				SWIFT_VERSION = 5.0;
				TARGETED_DEVICE_FAMILY = "1,2";
			};
			name = Release;
		};
/* End XCBuildConfiguration section */

/* Begin XCConfigurationList section */
		D92753C227886ADB005C1282 /* Build configuration list for PBXProject "Devote" */ = {
			isa = XCConfigurationList;
			buildConfigurations = (
				D92753D827886ADC005C1282 /* Debug */,
				D92753D927886ADC005C1282 /* Release */,
			);
			defaultConfigurationIsVisible = 0;
			defaultConfigurationName = Release;
		};
		D92753DA27886ADC005C1282 /* Build configuration list for PBXNativeTarget "Devote" */ = {
			isa = XCConfigurationList;
			buildConfigurations = (
				D92753DB27886ADC005C1282 /* Debug */,
				D92753DC27886ADC005C1282 /* Release */,
			);
			defaultConfigurationIsVisible = 0;
			defaultConfigurationName = Release;
		};
/* End XCConfigurationList section */

/* Begin XCVersionGroup section */
		D92753D527886ADC005C1282 /* Devote.xcdatamodeld */ = {
			isa = XCVersionGroup;
			children = (
				D92753D627886ADC005C1282 /* Devote.xcdatamodel */,
			);
			currentVersion = D92753D627886ADC005C1282 /* Devote.xcdatamodel */;
			path = Devote.xcdatamodeld;
			sourceTree = "<group>";
			versionGroupType = wrapper.xcdatamodel;
		};
/* End XCVersionGroup section */
	};
	rootObject = D92753BF27886ADB005C1282 /* Project object */;
}
